
Microsoft Visual Studio Solution File, Format Version 12.00
# Visual Studio Version 17
VisualStudioVersion = 17.3.32804.467
MinimumVisualStudioVersion = 10.0.40219.1
Project("{9A19103F-16F7-4668-BE54-9A1E7A4F7556}") = "GB-ServerManager", "GB-ServerManager\GB-ServerManager.csproj", "{B9C9F797-8D7F-4D17-892E-5F209084F8BF}"
EndProject
Project("{54435603-DBB4-11D2-8724-00A0C9A8B90C}") = "GB-ServerManager.Installer", "GB-ServerManager.Installer\GB-ServerManager.Installer.vdproj", "{8E637521-0BB6-472F-B00C-B54D0232F87F}"
EndProject
Global
	GlobalSection(SolutionConfigurationPlatforms) = preSolution
		Debug|Any CPU = Debug|Any CPU
		Release|Any CPU = Release|Any CPU
	EndGlobalSection
	GlobalSection(ProjectConfigurationPlatforms) = postSolution
		{B9C9F797-8D7F-4D17-892E-5F209084F8BF}.Debug|Any CPU.ActiveCfg = Debug|Any CPU
		{B9C9F797-8D7F-4D17-892E-5F209084F8BF}.Debug|Any CPU.Build.0 = Debug|Any CPU
		{B9C9F797-8D7F-4D17-892E-5F209084F8BF}.Release|Any CPU.ActiveCfg = Release|Any CPU
		{B9C9F797-8D7F-4D17-892E-5F209084F8BF}.Release|Any CPU.Build.0 = Release|Any CPU
		{8E637521-0BB6-472F-B00C-B54D0232F87F}.Debug|Any CPU.ActiveCfg = Debug
		{8E637521-0BB6-472F-B00C-B54D0232F87F}.Release|Any CPU.ActiveCfg = Release
	EndGlobalSection
	GlobalSection(SolutionProperties) = preSolution
		HideSolutionNode = FALSE
	EndGlobalSection
	GlobalSection(ExtensibilityGlobals) = postSolution
		SolutionGuid = {BBBBEB9C-5DE4-4C25-920F-706BE1CD19F9}
	EndGlobalSection
EndGlobal
